// !$*UTF8*$!
{
	archiveVersion = 1;
	classes = {
	};
	objectVersion = 46;
	objects = {

/* Begin PBXBuildFile section */
		23BCD3901B03FB4000EEA7B7 /* AppDelegate.swift in Sources */ = {isa = PBXBuildFile; fileRef = 23BCD38F1B03FB4000EEA7B7 /* AppDelegate.swift */; };
		23BCD3921B03FB4000EEA7B7 /* ViewController.swift in Sources */ = {isa = PBXBuildFile; fileRef = 23BCD3911B03FB4000EEA7B7 /* ViewController.swift */; };
		23BCD3951B03FB4000EEA7B7 /* Main.storyboard in Resources */ = {isa = PBXBuildFile; fileRef = 23BCD3931B03FB4000EEA7B7 /* Main.storyboard */; };
		23BCD3971B03FB4000EEA7B7 /* Images.xcassets in Resources */ = {isa = PBXBuildFile; fileRef = 23BCD3961B03FB4000EEA7B7 /* Images.xcassets */; };
		23BCD39A1B03FB4000EEA7B7 /* LaunchScreen.xib in Resources */ = {isa = PBXBuildFile; fileRef = 23BCD3981B03FB4000EEA7B7 /* LaunchScreen.xib */; };
		23BCD3A61B03FB4000EEA7B7 /* timerDemoTests.swift in Sources */ = {isa = PBXBuildFile; fileRef = 23BCD3A51B03FB4000EEA7B7 /* timerDemoTests.swift */; };
/* End PBXBuildFile section */

/* Begin PBXContainerItemProxy section */
		23BCD3A01B03FB4000EEA7B7 /* PBXContainerItemProxy */ = {
			isa = PBXContainerItemProxy;
			containerPortal = 23BCD3821B03FB4000EEA7B7 /* Project object */;
			proxyType = 1;
			remoteGlobalIDString = 23BCD3891B03FB4000EEA7B7;
			remoteInfo = timerDemo;
		};
/* End PBXContainerItemProxy section */

/* Begin PBXFileReference section */
		23BCD38A1B03FB4000EEA7B7 /* timerDemo.app */ = {isa = PBXFileReference; explicitFileType = wrapper.application; includeInIndex = 0; path = timerDemo.app; sourceTree = BUILT_PRODUCTS_DIR; };
		23BCD38E1B03FB4000EEA7B7 /* Info.plist */ = {isa = PBXFileReference; lastKnownFileType = text.plist.xml; path = Info.plist; sourceTree = "<group>"; };
		23BCD38F1B03FB4000EEA7B7 /* AppDelegate.swift */ = {isa = PBXFileReference; lastKnownFileType = sourcecode.swift; path = AppDelegate.swift; sourceTree = "<group>"; };
		23BCD3911B03FB4000EEA7B7 /* ViewController.swift */ = {isa = PBXFileReference; lastKnownFileType = sourcecode.swift; path = ViewController.swift; sourceTree = "<group>"; };
		23BCD3941B03FB4000EEA7B7 /* Base */ = {isa = PBXFileReference; lastKnownFileType = file.storyboard; name = Base; path = Base.lproj/Main.storyboard; sourceTree = "<group>"; };
		23BCD3961B03FB4000EEA7B7 /* Images.xcassets */ = {isa = PBXFileReference; lastKnownFileType = folder.assetcatalog; path = Images.xcassets; sourceTree = "<group>"; };
		23BCD3991B03FB4000EEA7B7 /* Base */ = {isa = PBXFileReference; lastKnownFileType = file.xib; name = Base; path = Base.lproj/LaunchScreen.xib; sourceTree = "<group>"; };
		23BCD39F1B03FB4000EEA7B7 /* timerDemoTests.xctest */ = {isa = PBXFileReference; explicitFileType = wrapper.cfbundle; includeInIndex = 0; path = timerDemoTests.xctest; sourceTree = BUILT_PRODUCTS_DIR; };
		23BCD3A41B03FB4000EEA7B7 /* Info.plist */ = {isa = PBXFileReference; lastKnownFileType = text.plist.xml; path = Info.plist; sourceTree = "<group>"; };
		23BCD3A51B03FB4000EEA7B7 /* timerDemoTests.swift */ = {isa = PBXFileReference; lastKnownFileType = sourcecode.swift; path = timerDemoTests.swift; sourceTree = "<group>"; };
/* End PBXFileReference section */

/* Begin PBXFrameworksBuildPhase section */
		23BCD3871B03FB4000EEA7B7 /* Frameworks */ = {
			isa = PBXFrameworksBuildPhase;
			buildActionMask = 2147483647;
			files = (
			);
			runOnlyForDeploymentPostprocessing = 0;
		};
		23BCD39C1B03FB4000EEA7B7 /* Frameworks */ = {
			isa = PBXFrameworksBuildPhase;
			buildActionMask = 2147483647;
			files = (
			);
			runOnlyForDeploymentPostprocessing = 0;
		};
/* End PBXFrameworksBuildPhase section */

/* Begin PBXGroup section */
		23BCD3811B03FB4000EEA7B7 = {
			isa = PBXGroup;
			children = (
				23BCD38C1B03FB4000EEA7B7 /* timerDemo */,
				23BCD3A21B03FB4000EEA7B7 /* timerDemoTests */,
				23BCD38B1B03FB4000EEA7B7 /* Products */,
			);
			sourceTree = "<group>";
		};
		23BCD38B1B03FB4000EEA7B7 /* Products */ = {
			isa = PBXGroup;
			children = (
				23BCD38A1B03FB4000EEA7B7 /* timerDemo.app */,
				23BCD39F1B03FB4000EEA7B7 /* timerDemoTests.xctest */,
			);
			name = Products;
			sourceTree = "<group>";
		};
		23BCD38C1B03FB4000EEA7B7 /* timerDemo */ = {
			isa = PBXGroup;
			children = (
				23BCD38F1B03FB4000EEA7B7 /* AppDelegate.swift */,
				23BCD3911B03FB4000EEA7B7 /* ViewController.swift */,
				23BCD3931B03FB4000EEA7B7 /* Main.storyboard */,
				23BCD3961B03FB4000EEA7B7 /* Images.xcassets */,
				23BCD3981B03FB4000EEA7B7 /* LaunchScreen.xib */,
				23BCD38D1B03FB4000EEA7B7 /* Supporting Files */,
			);
			path = timerDemo;
			sourceTree = "<group>";
		};
		23BCD38D1B03FB4000EEA7B7 /* Supporting Files */ = {
			isa = PBXGroup;
			children = (
				23BCD38E1B03FB4000EEA7B7 /* Info.plist */,
			);
			name = "Supporting Files";
			sourceTree = "<group>";
		};
		23BCD3A21B03FB4000EEA7B7 /* timerDemoTests */ = {
			isa = PBXGroup;
			children = (
				23BCD3A51B03FB4000EEA7B7 /* timerDemoTests.swift */,
				23BCD3A31B03FB4000EEA7B7 /* Supporting Files */,
			);
			path = timerDemoTests;
			sourceTree = "<group>";
		};
		23BCD3A31B03FB4000EEA7B7 /* Supporting Files */ = {
			isa = PBXGroup;
			children = (
				23BCD3A41B03FB4000EEA7B7 /* Info.plist */,
			);
			name = "Supporting Files";
			sourceTree = "<group>";
		};
/* End PBXGroup section */

/* Begin PBXNativeTarget section */
		23BCD3891B03FB4000EEA7B7 /* timerDemo */ = {
			isa = PBXNativeTarget;
			buildConfigurationList = 23BCD3A91B03FB4000EEA7B7 /* Build configuration list for PBXNativeTarget "timerDemo" */;
			buildPhases = (
				23BCD3861B03FB4000EEA7B7 /* Sources */,
				23BCD3871B03FB4000EEA7B7 /* Frameworks */,
				23BCD3881B03FB4000EEA7B7 /* Resources */,
			);
			buildRules = (
			);
			dependencies = (
			);
			name = timerDemo;
			productName = timerDemo;
			productReference = 23BCD38A1B03FB4000EEA7B7 /* timerDemo.app */;
			productType = "com.apple.product-type.application";
		};
		23BCD39E1B03FB4000EEA7B7 /* timerDemoTests */ = {
			isa = PBXNativeTarget;
			buildConfigurationList = 23BCD3AC1B03FB4000EEA7B7 /* Build configuration list for PBXNativeTarget "timerDemoTests" */;
			buildPhases = (
				23BCD39B1B03FB4000EEA7B7 /* Sources */,
				23BCD39C1B03FB4000EEA7B7 /* Frameworks */,
				23BCD39D1B03FB4000EEA7B7 /* Resources */,
			);
			buildRules = (
			);
			dependencies = (
				23BCD3A11B03FB4000EEA7B7 /* PBXTargetDependency */,
			);
			name = timerDemoTests;
			productName = timerDemoTests;
			productReference = 23BCD39F1B03FB4000EEA7B7 /* timerDemoTests.xctest */;
			productType = "com.apple.product-type.bundle.unit-test";
		};
/* End PBXNativeTarget section */

/* Begin PBXProject section */
		23BCD3821B03FB4000EEA7B7 /* Project object */ = {
			isa = PBXProject;
			attributes = {
				LastUpgradeCheck = 0630;
				ORGANIZATIONNAME = "Robert Borkowski";
				TargetAttributes = {
					23BCD3891B03FB4000EEA7B7 = {
						CreatedOnToolsVersion = 6.3.1;
					};
					23BCD39E1B03FB4000EEA7B7 = {
						CreatedOnToolsVersion = 6.3.1;
						TestTargetID = 23BCD3891B03FB4000EEA7B7;
					};
				};
			};
			buildConfigurationList = 23BCD3851B03FB4000EEA7B7 /* Build configuration list for PBXProject "timerDemo" */;
			compatibilityVersion = "Xcode 3.2";
			developmentRegion = English;
			hasScannedForEncodings = 0;
			knownRegions = (
				en,
				Base,
			);
			mainGroup = 23BCD3811B03FB4000EEA7B7;
			productRefGroup = 23BCD38B1B03FB4000EEA7B7 /* Products */;
			projectDirPath = "";
			projectRoot = "";
			targets = (
				23BCD3891B03FB4000EEA7B7 /* timerDemo */,
				23BCD39E1B03FB4000EEA7B7 /* timerDemoTests */,
			);
		};
/* End PBXProject section */

/* Begin PBXResourcesBuildPhase section */
		23BCD3881B03FB4000EEA7B7 /* Resources */ = {
			isa = PBXResourcesBuildPhase;
			buildActionMask = 2147483647;
			files = (
				23BCD3951B03FB4000EEA7B7 /* Main.storyboard in Resources */,
				23BCD39A1B03FB4000EEA7B7 /* LaunchScreen.xib in Resources */,
				23BCD3971B03FB4000EEA7B7 /* Images.xcassets in Resources */,
			);
			runOnlyForDeploymentPostprocessing = 0;
		};
		23BCD39D1B03FB4000EEA7B7 /* Resources */ = {
			isa = PBXResourcesBuildPhase;
			buildActionMask = 2147483647;
			files = (
			);
			runOnlyForDeploymentPostprocessing = 0;
		};
/* End PBXResourcesBuildPhase section */

/* Begin PBXSourcesBuildPhase section */
		23BCD3861B03FB4000EEA7B7 /* Sources */ = {
			isa = PBXSourcesBuildPhase;
			buildActionMask = 2147483647;
			files = (
				23BCD3921B03FB4000EEA7B7 /* ViewController.swift in Sources */,
				23BCD3901B03FB4000EEA7B7 /* AppDelegate.swift in Sources */,
			);
			runOnlyForDeploymentPostprocessing = 0;
		};
		23BCD39B1B03FB4000EEA7B7 /* Sources */ = {
			isa = PBXSourcesBuildPhase;
			buildActionMask = 2147483647;
			files = (
				23BCD3A61B03FB4000EEA7B7 /* timerDemoTests.swift in Sources */,
			);
			runOnlyForDeploymentPostprocessing = 0;
		};
/* End PBXSourcesBuildPhase section */

/* Begin PBXTargetDependency section */
		23BCD3A11B03FB4000EEA7B7 /* PBXTargetDependency */ = {
			isa = PBXTargetDependency;
			target = 23BCD3891B03FB4000EEA7B7 /* timerDemo */;
			targetProxy = 23BCD3A01B03FB4000EEA7B7 /* PBXContainerItemProxy */;
		};
/* End PBXTargetDependency section */

/* Begin PBXVariantGroup section */
		23BCD3931B03FB4000EEA7B7 /* Main.storyboard */ = {
			isa = PBXVariantGroup;
			children = (
				23BCD3941B03FB4000EEA7B7 /* Base */,
			);
			name = Main.storyboard;
			sourceTree = "<group>";
		};
		23BCD3981B03FB4000EEA7B7 /* LaunchScreen.xib */ = {
			isa = PBXVariantGroup;
			children = (
				23BCD3991B03FB4000EEA7B7 /* Base */,
			);
			name = LaunchScreen.xib;
			sourceTree = "<group>";
		};
/* End PBXVariantGroup section */

/* Begin XCBuildConfiguration section */
		23BCD3A71B03FB4000EEA7B7 /* Debug */ = {
			isa = XCBuildConfiguration;
			buildSettings = {
				ALWAYS_SEARCH_USER_PATHS = NO;
				CLANG_CXX_LANGUAGE_STANDARD = "gnu++0x";
				CLANG_CXX_LIBRARY = "libc++";
				CLANG_ENABLE_MODULES = YES;
				CLANG_ENABLE_OBJC_ARC = YES;
				CLANG_WARN_BOOL_CONVERSION = YES;
				CLANG_WARN_CONSTANT_CONVERSION = YES;
				CLANG_WARN_DIRECT_OBJC_ISA_USAGE = YES_ERROR;
				CLANG_WARN_EMPTY_BODY = YES;
				CLANG_WARN_ENUM_CONVERSION = YES;
				CLANG_WARN_INT_CONVERSION = YES;
				CLANG_WARN_OBJC_ROOT_CLASS = YES_ERROR;
				CLANG_WARN_UNREACHABLE_CODE = YES;
				CLANG_WARN__DUPLICATE_METHOD_MATCH = YES;
				"CODE_SIGN_IDENTITY[sdk=iphoneos*]" = "iPhone Developer";
				COPY_PHASE_STRIP = NO;
				DEBUG_INFORMATION_FORMAT = "dwarf-with-dsym";
				ENABLE_STRICT_OBJC_MSGSEND = YES;
				GCC_C_LANGUAGE_STANDARD = gnu99;
				GCC_DYNAMIC_NO_PIC = NO;
				GCC_NO_COMMON_BLOCKS = YES;
				GCC_OPTIMIZATION_LEVEL = 0;
				GCC_PREPROCESSOR_DEFINITIONS = (
					"DEBUG=1",
					"$(inherited)",
				);
				GCC_SYMBOLS_PRIVATE_EXTERN = NO;
				GCC_WARN_64_TO_32_BIT_CONVERSION = YES;
				GCC_WARN_ABOUT_RETURN_TYPE = YES_ERROR;
				GCC_WARN_UNDECLARED_SELECTOR = YES;
				GCC_WARN_UNINITIALIZED_AUTOS = YES_AGGRESSIVE;
				GCC_WARN_UNUSED_FUNCTION = YES;
				GCC_WARN_UNUSED_VARIABLE = YES;
				IPHONEOS_DEPLOYMENT_TARGET = 8.3;
				MTL_ENABLE_DEBUG_INFO = YES;
				ONLY_ACTIVE_ARCH = YES;
				SDKROOT = iphoneos;
				SWIFT_OPTIMIZATION_LEVEL = "-Onone";
			};
			name = Debug;
		};
		23BCD3A81B03FB4000EEA7B7 /* Release */ = {
			isa = XCBuildConfiguration;
			buildSettings = {
				ALWAYS_SEARCH_USER_PATHS = NO;
				CLANG_CXX_LANGUAGE_STANDARD = "gnu++0x";
				CLANG_CXX_LIBRARY = "libc++";
				CLANG_ENABLE_MODULES = YES;
				CLANG_ENABLE_OBJC_ARC = YES;
				CLANG_WARN_BOOL_CONVERSION = YES;
				CLANG_WARN_CONSTANT_CONVERSION = YES;
				CLANG_WARN_DIRECT_OBJC_ISA_USAGE = YES_ERROR;
				CLANG_WARN_EMPTY_BODY = YES;
				CLANG_WARN_ENUM_CONVERSION = YES;
				CLANG_WARN_INT_CONVERSION = YES;
				CLANG_WARN_OBJC_ROOT_CLASS = YES_ERROR;
				CLANG_WARN_UNREACHABLE_CODE = YES;
				CLANG_WARN__DUPLICATE_METHOD_MATCH = YES;
				"CODE_SIGN_IDENTITY[sdk=iphoneos*]" = "iPhone Developer";
				COPY_PHASE_STRIP = NO;
				DEBUG_INFORMATION_FORMAT = "dwarf-with-dsym";
				ENABLE_NS_ASSERTIONS = NO;
				ENABLE_STRICT_OBJC_MSGSEND = YES;
				GCC_C_LANGUAGE_STANDARD = gnu99;
				GCC_NO_COMMON_BLOCKS = YES;
				GCC_WARN_64_TO_32_BIT_CONVERSION = YES;
				GCC_WARN_ABOUT_RETURN_TYPE = YES_ERROR;
				GCC_WARN_UNDECLARED_SELECTOR = YES;
				GCC_WARN_UNINITIALIZED_AUTOS = YES_AGGRESSIVE;
				GCC_WARN_UNUSED_FUNCTION = YES;
				GCC_WARN_UNUSED_VARIABLE = YES;
				IPHONEOS_DEPLOYMENT_TARGET = 8.3;
				MTL_ENABLE_DEBUG_INFO = NO;
				SDKROOT = iphoneos;
				VALIDATE_PRODUCT = YES;
			};
			name = Release;
		};
		23BCD3AA1B03FB4000EEA7B7 /* Debug */ = {
			isa = XCBuildConfiguration;
			buildSettings = {
				ASSETCATALOG_COMPILER_APPICON_NAME = AppIcon;
				INFOPLIST_FILE = timerDemo/Info.plist;
				LD_RUNPATH_SEARCH_PATHS = "$(inherited) @executable_path/Frameworks";
				PRODUCT_NAME = "$(TARGET_NAME)";
			};
			name = Debug;
		};
		23BCD3AB1B03FB4000EEA7B7 /* Release */ = {
			isa = XCBuildConfiguration;
			buildSettings = {
				ASSETCATALOG_COMPILER_APPICON_NAME = AppIcon;
				INFOPLIST_FILE = timerDemo/Info.plist;
				LD_RUNPATH_SEARCH_PATHS = "$(inherited) @executable_path/Frameworks";
				PRODUCT_NAME = "$(TARGET_NAME)";
			};
			name = Release;
		};
		23BCD3AD1B03FB4000EEA7B7 /* Debug */ = {
			isa = XCBuildConfiguration;
			buildSettings = {
				BUNDLE_LOADER = "$(TEST_HOST)";
				FRAMEWORK_SEARCH_PATHS = (
					"$(SDKROOT)/Developer/Library/Frameworks",
					"$(inherited)",
				);
				GCC_PREPROCESSOR_DEFINITIONS = (
					"DEBUG=1",
					"$(inherited)",
				);
				INFOPLIST_FILE = timerDemoTests/Info.plist;
				LD_RUNPATH_SEARCH_PATHS = "$(inherited) @executable_path/Frameworks @loader_path/Frameworks";
				PRODUCT_NAME = "$(TARGET_NAME)";
				TEST_HOST = "$(BUILT_PRODUCTS_DIR)/timerDemo.app/timerDemo";
			};
			name = Debug;
		};
		23BCD3AE1B03FB4000EEA7B7 /* Release */ = {
			isa = XCBuildConfiguration;
			buildSettings = {
				BUNDLE_LOADER = "$(TEST_HOST)";
				FRAMEWORK_SEARCH_PATHS = (
					"$(SDKROOT)/Developer/Library/Frameworks",
					"$(inherited)",
				);
				INFOPLIST_FILE = timerDemoTests/Info.plist;
				LD_RUNPATH_SEARCH_PATHS = "$(inherited) @executable_path/Frameworks @loader_path/Frameworks";
				PRODUCT_NAME = "$(TARGET_NAME)";
				TEST_HOST = "$(BUILT_PRODUCTS_DIR)/timerDemo.app/timerDemo";
			};
			name = Release;
		};
/* End XCBuildConfiguration section */

/* Begin XCConfigurationList section */
		23BCD3851B03FB4000EEA7B7 /* Build configuration list for PBXProject "timerDemo" */ = {
			isa = XCConfigurationList;
			buildConfigurations = (
				23BCD3A71B03FB4000EEA7B7 /* Debug */,
				23BCD3A81B03FB4000EEA7B7 /* Release */,
			);
			defaultConfigurationIsVisible = 0;
			defaultConfigurationName = Release;
		};
		23BCD3A91B03FB4000EEA7B7 /* Build configuration list for PBXNativeTarget "timerDemo" */ = {
			isa = XCConfigurationList;
			buildConfigurations = (
				23BCD3AA1B03FB4000EEA7B7 /* Debug */,
				23BCD3AB1B03FB4000EEA7B7 /* Release */,
			);
			defaultConfigurationIsVisible = 0;
		};
		23BCD3AC1B03FB4000EEA7B7 /* Build configuration list for PBXNativeTarget "timerDemoTests" */ = {
			isa = XCConfigurationList;
			buildConfigurations = (
				23BCD3AD1B03FB4000EEA7B7 /* Debug */,
				23BCD3AE1B03FB4000EEA7B7 /* Release */,
			);
			defaultConfigurationIsVisible = 0;
		};
/* End XCConfigurationList section */
	};
	rootObject = 23BCD3821B03FB4000EEA7B7 /* Project object */;
}
